
Microsoft Visual Studio Solution File, Format Version 12.00
# Visual Studio 14
VisualStudioVersion = 14.0.25420.1
MinimumVisualStudioVersion = 10.0.40219.1
Project("{FAE04EC0-301F-11D3-BF4B-00C04F79EFBC}") = "web", "web\web.csproj", "{0602CD00-C65C-48EB-A0B7-4BC368198514}"
EndProject
Project("{FAE04EC0-301F-11D3-BF4B-00C04F79EFBC}") = "web.Tests", "web.Tests\web.Tests.csproj", "{EA11782F-9F3A-46BA-9754-6E8BF6EF1EBE}"
EndProject
Project("{FAE04EC0-301F-11D3-BF4B-00C04F79EFBC}") = "CO_STOCK_SERVICE", "CO_STOCK_SERVICE\CO_STOCK_SERVICE.csproj", "{10B1576C-3111-43B1-92EC-B9018C4E84B7}"
EndProject
Project("{FAE04EC0-301F-11D3-BF4B-00C04F79EFBC}") = "model", "model\model.csproj", "{7B056E82-E961-4B6C-B066-52E86DFFC961}"
EndProject
Project("{FAE04EC0-301F-11D3-BF4B-00C04F79EFBC}") = "data", "data\data.csproj", "{E844EA73-3D58-4E77-A5E5-3A86FDF6E71C}"
EndProject
Global
	GlobalSection(SolutionConfigurationPlatforms) = preSolution
		Debug|Any CPU = Debug|Any CPU
		Release|Any CPU = Release|Any CPU
	EndGlobalSection
	GlobalSection(ProjectConfigurationPlatforms) = postSolution
		{0602CD00-C65C-48EB-A0B7-4BC368198514}.Debug|Any CPU.ActiveCfg = Debug|Any CPU
		{0602CD00-C65C-48EB-A0B7-4BC368198514}.Debug|Any CPU.Build.0 = Debug|Any CPU
		{0602CD00-C65C-48EB-A0B7-4BC368198514}.Release|Any CPU.ActiveCfg = Release|Any CPU
		{0602CD00-C65C-48EB-A0B7-4BC368198514}.Release|Any CPU.Build.0 = Release|Any CPU
		{EA11782F-9F3A-46BA-9754-6E8BF6EF1EBE}.Debug|Any CPU.ActiveCfg = Debug|Any CPU
		{EA11782F-9F3A-46BA-9754-6E8BF6EF1EBE}.Debug|Any CPU.Build.0 = Debug|Any CPU
		{EA11782F-9F3A-46BA-9754-6E8BF6EF1EBE}.Release|Any CPU.ActiveCfg = Release|Any CPU
		{EA11782F-9F3A-46BA-9754-6E8BF6EF1EBE}.Release|Any CPU.Build.0 = Release|Any CPU
		{10B1576C-3111-43B1-92EC-B9018C4E84B7}.Debug|Any CPU.ActiveCfg = Debug|Any CPU
		{10B1576C-3111-43B1-92EC-B9018C4E84B7}.Debug|Any CPU.Build.0 = Debug|Any CPU
		{10B1576C-3111-43B1-92EC-B9018C4E84B7}.Release|Any CPU.ActiveCfg = Release|Any CPU
		{10B1576C-3111-43B1-92EC-B9018C4E84B7}.Release|Any CPU.Build.0 = Release|Any CPU
		{7B056E82-E961-4B6C-B066-52E86DFFC961}.Debug|Any CPU.ActiveCfg = Debug|Any CPU
		{7B056E82-E961-4B6C-B066-52E86DFFC961}.Debug|Any CPU.Build.0 = Debug|Any CPU
		{7B056E82-E961-4B6C-B066-52E86DFFC961}.Release|Any CPU.ActiveCfg = Release|Any CPU
		{7B056E82-E961-4B6C-B066-52E86DFFC961}.Release|Any CPU.Build.0 = Release|Any CPU
		{E844EA73-3D58-4E77-A5E5-3A86FDF6E71C}.Debug|Any CPU.ActiveCfg = Debug|Any CPU
		{E844EA73-3D58-4E77-A5E5-3A86FDF6E71C}.Debug|Any CPU.Build.0 = Debug|Any CPU
		{E844EA73-3D58-4E77-A5E5-3A86FDF6E71C}.Release|Any CPU.ActiveCfg = Release|Any CPU
		{E844EA73-3D58-4E77-A5E5-3A86FDF6E71C}.Release|Any CPU.Build.0 = Release|Any CPU
	EndGlobalSection
	GlobalSection(SolutionProperties) = preSolution
		HideSolutionNode = FALSE
	EndGlobalSection
EndGlobal
